// !$*UTF8*$!
{
	archiveVersion = 1;
	classes = {
	};
	objectVersion = 46;
	objects = {

/* Begin PBXBuildFile section */
		04846A381D000566007E3CE3 /* main.m in Sources */ = {isa = PBXBuildFile; fileRef = 04846A371D000566007E3CE3 /* main.m */; };
		04846A3B1D000566007E3CE3 /* AppDelegate.m in Sources */ = {isa = PBXBuildFile; fileRef = 04846A3A1D000566007E3CE3 /* AppDelegate.m */; };
		04846A411D000566007E3CE3 /* Main.storyboard in Resources */ = {isa = PBXBuildFile; fileRef = 04846A3F1D000566007E3CE3 /* Main.storyboard */; };
		04846A431D000566007E3CE3 /* Assets.xcassets in Resources */ = {isa = PBXBuildFile; fileRef = 04846A421D000566007E3CE3 /* Assets.xcassets */; };
		04846A461D000566007E3CE3 /* LaunchScreen.storyboard in Resources */ = {isa = PBXBuildFile; fileRef = 04846A441D000566007E3CE3 /* LaunchScreen.storyboard */; };
		04846A5B1D0005F8007E3CE3 /* addressBook2.png in Resources */ = {isa = PBXBuildFile; fileRef = 04846A511D0005F8007E3CE3 /* addressBook2.png */; };
		04846A5C1D0005F8007E3CE3 /* contect.png in Resources */ = {isa = PBXBuildFile; fileRef = 04846A521D0005F8007E3CE3 /* contect.png */; };
		04846A5D1D0005F8007E3CE3 /* Conversion_802px_1141917_easyicon.net.png in Resources */ = {isa = PBXBuildFile; fileRef = 04846A531D0005F8007E3CE3 /* Conversion_802px_1141917_easyicon.net.png */; };
		04846A5E1D0005F8007E3CE3 /* Creative_568px_1141925_easyicon.net.png in Resources */ = {isa = PBXBuildFile; fileRef = 04846A541D0005F8007E3CE3 /* Creative_568px_1141925_easyicon.net.png */; };
		04846A5F1D0005F8007E3CE3 /* found.png in Resources */ = {isa = PBXBuildFile; fileRef = 04846A551D0005F8007E3CE3 /* found.png */; };
		04846A601D0005F8007E3CE3 /* headImage.jpg in Resources */ = {isa = PBXBuildFile; fileRef = 04846A561D0005F8007E3CE3 /* headImage.jpg */; };
		04846A611D0005F8007E3CE3 /* Link_Building_764px_1141913_easyicon.net.png in Resources */ = {isa = PBXBuildFile; fileRef = 04846A571D0005F8007E3CE3 /* Link_Building_764px_1141913_easyicon.net.png */; };
		04846A621D0005F8007E3CE3 /* Location_568px_1141916_easyicon.net.png in Resources */ = {isa = PBXBuildFile; fileRef = 04846A581D0005F8007E3CE3 /* Location_568px_1141916_easyicon.net.png */; };
		04846A631D0005F8007E3CE3 /* selected_bg.png in Resources */ = {isa = PBXBuildFile; fileRef = 04846A591D0005F8007E3CE3 /* selected_bg.png */; };
		04846A641D0005F8007E3CE3 /* tabBar_bg.jpg in Resources */ = {isa = PBXBuildFile; fileRef = 04846A5A1D0005F8007E3CE3 /* tabBar_bg.jpg */; };
		04846A6B1D00065E007E3CE3 /* BaseNavigationViewController.m in Sources */ = {isa = PBXBuildFile; fileRef = 04846A671D00065E007E3CE3 /* BaseNavigationViewController.m */; };
		04846A6C1D00065E007E3CE3 /* BaseViewController.m in Sources */ = {isa = PBXBuildFile; fileRef = 04846A6A1D00065E007E3CE3 /* BaseViewController.m */; };
		04846A7B1D000696007E3CE3 /* CustomTabBarController.m in Sources */ = {isa = PBXBuildFile; fileRef = 04846A6F1D000696007E3CE3 /* CustomTabBarController.m */; };
		04846A7C1D000696007E3CE3 /* MMDrawerBarButtonItem.m in Sources */ = {isa = PBXBuildFile; fileRef = 04846A721D000696007E3CE3 /* MMDrawerBarButtonItem.m */; };
		04846A7D1D000696007E3CE3 /* MMDrawerController.m in Sources */ = {isa = PBXBuildFile; fileRef = 04846A741D000696007E3CE3 /* MMDrawerController.m */; };
		04846A7E1D000696007E3CE3 /* MMDrawerVisualState.m in Sources */ = {isa = PBXBuildFile; fileRef = 04846A761D000696007E3CE3 /* MMDrawerVisualState.m */; };
		04846A7F1D000696007E3CE3 /* MMExampleDrawerVisualStateManager.m in Sources */ = {isa = PBXBuildFile; fileRef = 04846A781D000696007E3CE3 /* MMExampleDrawerVisualStateManager.m */; };
		04846A801D000696007E3CE3 /* UIViewController+MMDrawerController.m in Sources */ = {isa = PBXBuildFile; fileRef = 04846A7A1D000696007E3CE3 /* UIViewController+MMDrawerController.m */; };
		04846A9D1D0006C9007E3CE3 /* HomeViewController.m in Sources */ = {isa = PBXBuildFile; fileRef = 04846A841D0006C9007E3CE3 /* HomeViewController.m */; };
		04846A9E1D0006C9007E3CE3 /* HomeViewController.xib in Resources */ = {isa = PBXBuildFile; fileRef = 04846A851D0006C9007E3CE3 /* HomeViewController.xib */; };
		04846A9F1D0006C9007E3CE3 /* LeftMeViewController.m in Sources */ = {isa = PBXBuildFile; fileRef = 04846A8B1D0006C9007E3CE3 /* LeftMeViewController.m */; };
		04846AA01D0006C9007E3CE3 /* LeftMeViewController.xib in Resources */ = {isa = PBXBuildFile; fileRef = 04846A8C1D0006C9007E3CE3 /* LeftMeViewController.xib */; };
		04846AA11D0006C9007E3CE3 /* MessageViewController.m in Sources */ = {isa = PBXBuildFile; fileRef = 04846A921D0006C9007E3CE3 /* MessageViewController.m */; };
		04846AA21D0006C9007E3CE3 /* MessageViewController.xib in Resources */ = {isa = PBXBuildFile; fileRef = 04846A931D0006C9007E3CE3 /* MessageViewController.xib */; };
		04992E371D0051AA00781190 /* FollowMeViewController.m in Sources */ = {isa = PBXBuildFile; fileRef = 04992E351D0051AA00781190 /* FollowMeViewController.m */; };
		04992E381D0051AA00781190 /* FollowMeViewController.xib in Resources */ = {isa = PBXBuildFile; fileRef = 04992E361D0051AA00781190 /* FollowMeViewController.xib */; };
		04992E3C1D0051C400781190 /* MyFollowsViewController.m in Sources */ = {isa = PBXBuildFile; fileRef = 04992E3A1D0051C400781190 /* MyFollowsViewController.m */; };
		04992E3D1D0051C400781190 /* MyFollowsViewController.xib in Resources */ = {isa = PBXBuildFile; fileRef = 04992E3B1D0051C400781190 /* MyFollowsViewController.xib */; };
		04992E411D0051DA00781190 /* CollectionBoxViewController.m in Sources */ = {isa = PBXBuildFile; fileRef = 04992E3F1D0051DA00781190 /* CollectionBoxViewController.m */; };
		04992E421D0051DA00781190 /* CollectionBoxViewController.xib in Resources */ = {isa = PBXBuildFile; fileRef = 04992E401D0051DA00781190 /* CollectionBoxViewController.xib */; };
		04992E461D00521600781190 /* PostBoxViewController.m in Sources */ = {isa = PBXBuildFile; fileRef = 04992E441D00521600781190 /* PostBoxViewController.m */; };
		04992E471D00521600781190 /* PostBoxViewController.xib in Resources */ = {isa = PBXBuildFile; fileRef = 04992E451D00521600781190 /* PostBoxViewController.xib */; };
		04992E4B1D0064D800781190 /* icon.png in Resources */ = {isa = PBXBuildFile; fileRef = 04992E4A1D0064D800781190 /* icon.png */; };
		04D86F711D00821C00A5B7E1 /* LoginViewController.m in Sources */ = {isa = PBXBuildFile; fileRef = 04D86F6F1D00821C00A5B7E1 /* LoginViewController.m */; };
		04D86F721D00821C00A5B7E1 /* LoginViewController.xib in Resources */ = {isa = PBXBuildFile; fileRef = 04D86F701D00821C00A5B7E1 /* LoginViewController.xib */; };
		04D86F741D00881E00A5B7E1 /* MaxLeap.framework in Frameworks */ = {isa = PBXBuildFile; fileRef = 04D86F731D00881E00A5B7E1 /* MaxLeap.framework */; };
		04D86F761D0088E300A5B7E1 /* MobileCoreServices.framework in Frameworks */ = {isa = PBXBuildFile; fileRef = 04D86F751D0088E300A5B7E1 /* MobileCoreServices.framework */; };
		04D86F781D0088F700A5B7E1 /* CoreTelephony.framework in Frameworks */ = {isa = PBXBuildFile; fileRef = 04D86F771D0088F700A5B7E1 /* CoreTelephony.framework */; };
		04D86F7A1D00890700A5B7E1 /* SystemConfiguration.framework in Frameworks */ = {isa = PBXBuildFile; fileRef = 04D86F791D00890700A5B7E1 /* SystemConfiguration.framework */; };
		04D86F7C1D00891A00A5B7E1 /* libsqlite3.tbd in Frameworks */ = {isa = PBXBuildFile; fileRef = 04D86F7B1D00891A00A5B7E1 /* libsqlite3.tbd */; };
		04D86F7E1D00892F00A5B7E1 /* libz.tbd in Frameworks */ = {isa = PBXBuildFile; fileRef = 04D86F7D1D00892F00A5B7E1 /* libz.tbd */; };
		1818F4E71D001CB4001E24F4 /* PostViewController.m in Sources */ = {isa = PBXBuildFile; fileRef = 1818F4E61D001CB4001E24F4 /* PostViewController.m */; };
		1818F4EB1D001D58001E24F4 /* RRMessageModel.m in Sources */ = {isa = PBXBuildFile; fileRef = 1818F4EA1D001D58001E24F4 /* RRMessageModel.m */; };
		1818F4F11D001D91001E24F4 /* RRCustomScrollView.m in Sources */ = {isa = PBXBuildFile; fileRef = 1818F4EE1D001D91001E24F4 /* RRCustomScrollView.m */; };
		1818F4F21D001D91001E24F4 /* UICollectionViewCellPhoto.m in Sources */ = {isa = PBXBuildFile; fileRef = 1818F4F01D001D91001E24F4 /* UICollectionViewCellPhoto.m */; };
		1818F4F41D001DB3001E24F4 /* AssetsLibrary.framework in Frameworks */ = {isa = PBXBuildFile; fileRef = 1818F4F31D001DB3001E24F4 /* AssetsLibrary.framework */; };
		C6C8D6751D000F2D00948262 /* picDetails.m in Sources */ = {isa = PBXBuildFile; fileRef = C6C8D6731D000F2D00948262 /* picDetails.m */; };
		C6C8D6761D000F2D00948262 /* picDetails.xib in Resources */ = {isa = PBXBuildFile; fileRef = C6C8D6741D000F2D00948262 /* picDetails.xib */; };
		C6C8D6791D000F4A00948262 /* WaterFallLayout.m in Sources */ = {isa = PBXBuildFile; fileRef = C6C8D6781D000F4A00948262 /* WaterFallLayout.m */; };
/* End PBXBuildFile section */

/* Begin PBXFileReference section */
		04846A331D000566007E3CE3 /* PickPicAPP.app */ = {isa = PBXFileReference; explicitFileType = wrapper.application; includeInIndex = 0; path = PickPicAPP.app; sourceTree = BUILT_PRODUCTS_DIR; };
		04846A371D000566007E3CE3 /* main.m */ = {isa = PBXFileReference; lastKnownFileType = sourcecode.c.objc; path = main.m; sourceTree = "<group>"; };
		04846A391D000566007E3CE3 /* AppDelegate.h */ = {isa = PBXFileReference; lastKnownFileType = sourcecode.c.h; path = AppDelegate.h; sourceTree = "<group>"; };
		04846A3A1D000566007E3CE3 /* AppDelegate.m */ = {isa = PBXFileReference; lastKnownFileType = sourcecode.c.objc; path = AppDelegate.m; sourceTree = "<group>"; };
		04846A401D000566007E3CE3 /* Base */ = {isa = PBXFileReference; lastKnownFileType = file.storyboard; name = Base; path = Base.lproj/Main.storyboard; sourceTree = "<group>"; };
		04846A421D000566007E3CE3 /* Assets.xcassets */ = {isa = PBXFileReference; lastKnownFileType = folder.assetcatalog; path = Assets.xcassets; sourceTree = "<group>"; };
		04846A451D000566007E3CE3 /* Base */ = {isa = PBXFileReference; lastKnownFileType = file.storyboard; name = Base; path = Base.lproj/LaunchScreen.storyboard; sourceTree = "<group>"; };
		04846A471D000566007E3CE3 /* Info.plist */ = {isa = PBXFileReference; lastKnownFileType = text.plist.xml; path = Info.plist; sourceTree = "<group>"; };
		04846A511D0005F8007E3CE3 /* addressBook2.png */ = {isa = PBXFileReference; lastKnownFileType = image.png; path = addressBook2.png; sourceTree = "<group>"; };
		04846A521D0005F8007E3CE3 /* contect.png */ = {isa = PBXFileReference; lastKnownFileType = image.png; path = contect.png; sourceTree = "<group>"; };
		04846A531D0005F8007E3CE3 /* Conversion_802px_1141917_easyicon.net.png */ = {isa = PBXFileReference; lastKnownFileType = image.png; path = Conversion_802px_1141917_easyicon.net.png; sourceTree = "<group>"; };
		04846A541D0005F8007E3CE3 /* Creative_568px_1141925_easyicon.net.png */ = {isa = PBXFileReference; lastKnownFileType = image.png; path = Creative_568px_1141925_easyicon.net.png; sourceTree = "<group>"; };
		04846A551D0005F8007E3CE3 /* found.png */ = {isa = PBXFileReference; lastKnownFileType = image.png; path = found.png; sourceTree = "<group>"; };
		04846A561D0005F8007E3CE3 /* headImage.jpg */ = {isa = PBXFileReference; lastKnownFileType = image.jpeg; path = headImage.jpg; sourceTree = "<group>"; };
		04846A571D0005F8007E3CE3 /* Link_Building_764px_1141913_easyicon.net.png */ = {isa = PBXFileReference; lastKnownFileType = image.png; path = Link_Building_764px_1141913_easyicon.net.png; sourceTree = "<group>"; };
		04846A581D0005F8007E3CE3 /* Location_568px_1141916_easyicon.net.png */ = {isa = PBXFileReference; lastKnownFileType = image.png; path = Location_568px_1141916_easyicon.net.png; sourceTree = "<group>"; };
		04846A591D0005F8007E3CE3 /* selected_bg.png */ = {isa = PBXFileReference; lastKnownFileType = image.png; path = selected_bg.png; sourceTree = "<group>"; };
		04846A5A1D0005F8007E3CE3 /* tabBar_bg.jpg */ = {isa = PBXFileReference; lastKnownFileType = image.jpeg; path = tabBar_bg.jpg; sourceTree = "<group>"; };
		04846A661D00065E007E3CE3 /* BaseNavigationViewController.h */ = {isa = PBXFileReference; fileEncoding = 4; lastKnownFileType = sourcecode.c.h; path = BaseNavigationViewController.h; sourceTree = "<group>"; };
		04846A671D00065E007E3CE3 /* BaseNavigationViewController.m */ = {isa = PBXFileReference; fileEncoding = 4; lastKnownFileType = sourcecode.c.objc; path = BaseNavigationViewController.m; sourceTree = "<group>"; };
		04846A691D00065E007E3CE3 /* BaseViewController.h */ = {isa = PBXFileReference; fileEncoding = 4; lastKnownFileType = sourcecode.c.h; path = BaseViewController.h; sourceTree = "<group>"; };
		04846A6A1D00065E007E3CE3 /* BaseViewController.m */ = {isa = PBXFileReference; fileEncoding = 4; lastKnownFileType = sourcecode.c.objc; path = BaseViewController.m; sourceTree = "<group>"; };
		04846A6E1D000696007E3CE3 /* CustomTabBarController.h */ = {isa = PBXFileReference; fileEncoding = 4; lastKnownFileType = sourcecode.c.h; path = CustomTabBarController.h; sourceTree = "<group>"; };
		04846A6F1D000696007E3CE3 /* CustomTabBarController.m */ = {isa = PBXFileReference; fileEncoding = 4; lastKnownFileType = sourcecode.c.objc; path = CustomTabBarController.m; sourceTree = "<group>"; };
		04846A711D000696007E3CE3 /* MMDrawerBarButtonItem.h */ = {isa = PBXFileReference; fileEncoding = 4; lastKnownFileType = sourcecode.c.h; path = MMDrawerBarButtonItem.h; sourceTree = "<group>"; };
		04846A721D000696007E3CE3 /* MMDrawerBarButtonItem.m */ = {isa = PBXFileReference; fileEncoding = 4; lastKnownFileType = sourcecode.c.objc; path = MMDrawerBarButtonItem.m; sourceTree = "<group>"; };
		04846A731D000696007E3CE3 /* MMDrawerController.h */ = {isa = PBXFileReference; fileEncoding = 4; lastKnownFileType = sourcecode.c.h; path = MMDrawerController.h; sourceTree = "<group>"; };
		04846A741D000696007E3CE3 /* MMDrawerController.m */ = {isa = PBXFileReference; fileEncoding = 4; lastKnownFileType = sourcecode.c.objc; path = MMDrawerController.m; sourceTree = "<group>"; };
		04846A751D000696007E3CE3 /* MMDrawerVisualState.h */ = {isa = PBXFileReference; fileEncoding = 4; lastKnownFileType = sourcecode.c.h; path = MMDrawerVisualState.h; sourceTree = "<group>"; };
		04846A761D000696007E3CE3 /* MMDrawerVisualState.m */ = {isa = PBXFileReference; fileEncoding = 4; lastKnownFileType = sourcecode.c.objc; path = MMDrawerVisualState.m; sourceTree = "<group>"; };
		04846A771D000696007E3CE3 /* MMExampleDrawerVisualStateManager.h */ = {isa = PBXFileReference; fileEncoding = 4; lastKnownFileType = sourcecode.c.h; path = MMExampleDrawerVisualStateManager.h; sourceTree = "<group>"; };
		04846A781D000696007E3CE3 /* MMExampleDrawerVisualStateManager.m */ = {isa = PBXFileReference; fileEncoding = 4; lastKnownFileType = sourcecode.c.objc; path = MMExampleDrawerVisualStateManager.m; sourceTree = "<group>"; };
		04846A791D000696007E3CE3 /* UIViewController+MMDrawerController.h */ = {isa = PBXFileReference; fileEncoding = 4; lastKnownFileType = sourcecode.c.h; path = "UIViewController+MMDrawerController.h"; sourceTree = "<group>"; };
		04846A7A1D000696007E3CE3 /* UIViewController+MMDrawerController.m */ = {isa = PBXFileReference; fileEncoding = 4; lastKnownFileType = sourcecode.c.objc; path = "UIViewController+MMDrawerController.m"; sourceTree = "<group>"; };
		04846A831D0006C9007E3CE3 /* HomeViewController.h */ = {isa = PBXFileReference; fileEncoding = 4; lastKnownFileType = sourcecode.c.h; path = HomeViewController.h; sourceTree = "<group>"; };
		04846A841D0006C9007E3CE3 /* HomeViewController.m */ = {isa = PBXFileReference; fileEncoding = 4; lastKnownFileType = sourcecode.c.objc; path = HomeViewController.m; sourceTree = "<group>"; };
		04846A851D0006C9007E3CE3 /* HomeViewController.xib */ = {isa = PBXFileReference; fileEncoding = 4; lastKnownFileType = file.xib; path = HomeViewController.xib; sourceTree = "<group>"; };
		04846A8A1D0006C9007E3CE3 /* LeftMeViewController.h */ = {isa = PBXFileReference; fileEncoding = 4; lastKnownFileType = sourcecode.c.h; path = LeftMeViewController.h; sourceTree = "<group>"; };
		04846A8B1D0006C9007E3CE3 /* LeftMeViewController.m */ = {isa = PBXFileReference; fileEncoding = 4; lastKnownFileType = sourcecode.c.objc; path = LeftMeViewController.m; sourceTree = "<group>"; };
		04846A8C1D0006C9007E3CE3 /* LeftMeViewController.xib */ = {isa = PBXFileReference; fileEncoding = 4; lastKnownFileType = file.xib; path = LeftMeViewController.xib; sourceTree = "<group>"; };
		04846A911D0006C9007E3CE3 /* MessageViewController.h */ = {isa = PBXFileReference; fileEncoding = 4; lastKnownFileType = sourcecode.c.h; path = MessageViewController.h; sourceTree = "<group>"; };
		04846A921D0006C9007E3CE3 /* MessageViewController.m */ = {isa = PBXFileReference; fileEncoding = 4; lastKnownFileType = sourcecode.c.objc; path = MessageViewController.m; sourceTree = "<group>"; };
		04846A931D0006C9007E3CE3 /* MessageViewController.xib */ = {isa = PBXFileReference; fileEncoding = 4; lastKnownFileType = file.xib; path = MessageViewController.xib; sourceTree = "<group>"; };
		04846AA51D0006EA007E3CE3 /* Common.h */ = {isa = PBXFileReference; fileEncoding = 4; lastKnownFileType = sourcecode.c.h; path = Common.h; sourceTree = "<group>"; };
		04846AA61D000702007E3CE3 /* PrefixHeader.pch */ = {isa = PBXFileReference; fileEncoding = 4; lastKnownFileType = sourcecode.c.h; path = PrefixHeader.pch; sourceTree = "<group>"; };
		04992E341D0051AA00781190 /* FollowMeViewController.h */ = {isa = PBXFileReference; fileEncoding = 4; lastKnownFileType = sourcecode.c.h; path = FollowMeViewController.h; sourceTree = "<group>"; };
		04992E351D0051AA00781190 /* FollowMeViewController.m */ = {isa = PBXFileReference; fileEncoding = 4; lastKnownFileType = sourcecode.c.objc; path = FollowMeViewController.m; sourceTree = "<group>"; };
		04992E361D0051AA00781190 /* FollowMeViewController.xib */ = {isa = PBXFileReference; fileEncoding = 4; lastKnownFileType = file.xib; path = FollowMeViewController.xib; sourceTree = "<group>"; };
		04992E391D0051C400781190 /* MyFollowsViewController.h */ = {isa = PBXFileReference; fileEncoding = 4; lastKnownFileType = sourcecode.c.h; path = MyFollowsViewController.h; sourceTree = "<group>"; };
		04992E3A1D0051C400781190 /* MyFollowsViewController.m */ = {isa = PBXFileReference; fileEncoding = 4; lastKnownFileType = sourcecode.c.objc; path = MyFollowsViewController.m; sourceTree = "<group>"; };
		04992E3B1D0051C400781190 /* MyFollowsViewController.xib */ = {isa = PBXFileReference; fileEncoding = 4; lastKnownFileType = file.xib; path = MyFollowsViewController.xib; sourceTree = "<group>"; };
		04992E3E1D0051DA00781190 /* CollectionBoxViewController.h */ = {isa = PBXFileReference; fileEncoding = 4; lastKnownFileType = sourcecode.c.h; path = CollectionBoxViewController.h; sourceTree = "<group>"; };
		04992E3F1D0051DA00781190 /* CollectionBoxViewController.m */ = {isa = PBXFileReference; fileEncoding = 4; lastKnownFileType = sourcecode.c.objc; path = CollectionBoxViewController.m; sourceTree = "<group>"; };
		04992E401D0051DA00781190 /* CollectionBoxViewController.xib */ = {isa = PBXFileReference; fileEncoding = 4; lastKnownFileType = file.xib; path = CollectionBoxViewController.xib; sourceTree = "<group>"; };
		04992E431D00521600781190 /* PostBoxViewController.h */ = {isa = PBXFileReference; fileEncoding = 4; lastKnownFileType = sourcecode.c.h; path = PostBoxViewController.h; sourceTree = "<group>"; };
		04992E441D00521600781190 /* PostBoxViewController.m */ = {isa = PBXFileReference; fileEncoding = 4; lastKnownFileType = sourcecode.c.objc; path = PostBoxViewController.m; sourceTree = "<group>"; };
		04992E451D00521600781190 /* PostBoxViewController.xib */ = {isa = PBXFileReference; fileEncoding = 4; lastKnownFileType = file.xib; path = PostBoxViewController.xib; sourceTree = "<group>"; };
		04992E4A1D0064D800781190 /* icon.png */ = {isa = PBXFileReference; lastKnownFileType = image.png; path = icon.png; sourceTree = "<group>"; };
		04D86F6E1D00821C00A5B7E1 /* LoginViewController.h */ = {isa = PBXFileReference; fileEncoding = 4; lastKnownFileType = sourcecode.c.h; path = LoginViewController.h; sourceTree = "<group>"; };
		04D86F6F1D00821C00A5B7E1 /* LoginViewController.m */ = {isa = PBXFileReference; fileEncoding = 4; lastKnownFileType = sourcecode.c.objc; path = LoginViewController.m; sourceTree = "<group>"; };
		04D86F701D00821C00A5B7E1 /* LoginViewController.xib */ = {isa = PBXFileReference; fileEncoding = 4; lastKnownFileType = file.xib; path = LoginViewController.xib; sourceTree = "<group>"; };
		04D86F731D00881E00A5B7E1 /* MaxLeap.framework */ = {isa = PBXFileReference; lastKnownFileType = wrapper.framework; path = MaxLeap.framework; sourceTree = "<group>"; };
		04D86F751D0088E300A5B7E1 /* MobileCoreServices.framework */ = {isa = PBXFileReference; lastKnownFileType = wrapper.framework; name = MobileCoreServices.framework; path = System/Library/Frameworks/MobileCoreServices.framework; sourceTree = SDKROOT; };
		04D86F771D0088F700A5B7E1 /* CoreTelephony.framework */ = {isa = PBXFileReference; lastKnownFileType = wrapper.framework; name = CoreTelephony.framework; path = System/Library/Frameworks/CoreTelephony.framework; sourceTree = SDKROOT; };
		04D86F791D00890700A5B7E1 /* SystemConfiguration.framework */ = {isa = PBXFileReference; lastKnownFileType = wrapper.framework; name = SystemConfiguration.framework; path = System/Library/Frameworks/SystemConfiguration.framework; sourceTree = SDKROOT; };
		04D86F7B1D00891A00A5B7E1 /* libsqlite3.tbd */ = {isa = PBXFileReference; lastKnownFileType = "sourcecode.text-based-dylib-definition"; name = libsqlite3.tbd; path = usr/lib/libsqlite3.tbd; sourceTree = SDKROOT; };
		04D86F7D1D00892F00A5B7E1 /* libz.tbd */ = {isa = PBXFileReference; lastKnownFileType = "sourcecode.text-based-dylib-definition"; name = libz.tbd; path = usr/lib/libz.tbd; sourceTree = SDKROOT; };
		1818F4E51D001CB4001E24F4 /* PostViewController.h */ = {isa = PBXFileReference; fileEncoding = 4; lastKnownFileType = sourcecode.c.h; path = PostViewController.h; sourceTree = "<group>"; };
		1818F4E61D001CB4001E24F4 /* PostViewController.m */ = {isa = PBXFileReference; fileEncoding = 4; lastKnownFileType = sourcecode.c.objc; path = PostViewController.m; sourceTree = "<group>"; };
		1818F4E91D001D58001E24F4 /* RRMessageModel.h */ = {isa = PBXFileReference; fileEncoding = 4; lastKnownFileType = sourcecode.c.h; path = RRMessageModel.h; sourceTree = "<group>"; };
		1818F4EA1D001D58001E24F4 /* RRMessageModel.m */ = {isa = PBXFileReference; fileEncoding = 4; lastKnownFileType = sourcecode.c.objc; path = RRMessageModel.m; sourceTree = "<group>"; };
		1818F4ED1D001D91001E24F4 /* RRCustomScrollView.h */ = {isa = PBXFileReference; fileEncoding = 4; lastKnownFileType = sourcecode.c.h; path = RRCustomScrollView.h; sourceTree = "<group>"; };
		1818F4EE1D001D91001E24F4 /* RRCustomScrollView.m */ = {isa = PBXFileReference; fileEncoding = 4; lastKnownFileType = sourcecode.c.objc; path = RRCustomScrollView.m; sourceTree = "<group>"; };
		1818F4EF1D001D91001E24F4 /* UICollectionViewCellPhoto.h */ = {isa = PBXFileReference; fileEncoding = 4; lastKnownFileType = sourcecode.c.h; path = UICollectionViewCellPhoto.h; sourceTree = "<group>"; };
		1818F4F01D001D91001E24F4 /* UICollectionViewCellPhoto.m */ = {isa = PBXFileReference; fileEncoding = 4; lastKnownFileType = sourcecode.c.objc; path = UICollectionViewCellPhoto.m; sourceTree = "<group>"; };
		1818F4F31D001DB3001E24F4 /* AssetsLibrary.framework */ = {isa = PBXFileReference; lastKnownFileType = wrapper.framework; name = AssetsLibrary.framework; path = System/Library/Frameworks/AssetsLibrary.framework; sourceTree = SDKROOT; };
		C6C8D6721D000F2D00948262 /* picDetails.h */ = {isa = PBXFileReference; fileEncoding = 4; lastKnownFileType = sourcecode.c.h; path = picDetails.h; sourceTree = "<group>"; };
		C6C8D6731D000F2D00948262 /* picDetails.m */ = {isa = PBXFileReference; fileEncoding = 4; lastKnownFileType = sourcecode.c.objc; path = picDetails.m; sourceTree = "<group>"; };
		C6C8D6741D000F2D00948262 /* picDetails.xib */ = {isa = PBXFileReference; fileEncoding = 4; lastKnownFileType = file.xib; path = picDetails.xib; sourceTree = "<group>"; };
		C6C8D6771D000F4A00948262 /* WaterFallLayout.h */ = {isa = PBXFileReference; fileEncoding = 4; lastKnownFileType = sourcecode.c.h; path = WaterFallLayout.h; sourceTree = "<group>"; };
		C6C8D6781D000F4A00948262 /* WaterFallLayout.m */ = {isa = PBXFileReference; fileEncoding = 4; lastKnownFileType = sourcecode.c.objc; path = WaterFallLayout.m; sourceTree = "<group>"; };
/* End PBXFileReference section */

/* Begin PBXFrameworksBuildPhase section */
		04846A301D000566007E3CE3 /* Frameworks */ = {
			isa = PBXFrameworksBuildPhase;
			buildActionMask = 2147483647;
			files = (
				04D86F7E1D00892F00A5B7E1 /* libz.tbd in Frameworks */,
				04D86F7C1D00891A00A5B7E1 /* libsqlite3.tbd in Frameworks */,
				04D86F7A1D00890700A5B7E1 /* SystemConfiguration.framework in Frameworks */,
				04D86F781D0088F700A5B7E1 /* CoreTelephony.framework in Frameworks */,
				04D86F761D0088E300A5B7E1 /* MobileCoreServices.framework in Frameworks */,
				1818F4F41D001DB3001E24F4 /* AssetsLibrary.framework in Frameworks */,
				04D86F741D00881E00A5B7E1 /* MaxLeap.framework in Frameworks */,
			);
			runOnlyForDeploymentPostprocessing = 0;
		};
/* End PBXFrameworksBuildPhase section */

/* Begin PBXGroup section */
		04846A2A1D000565007E3CE3 = {
			isa = PBXGroup;
			children = (
				04D86F7D1D00892F00A5B7E1 /* libz.tbd */,
				04D86F7B1D00891A00A5B7E1 /* libsqlite3.tbd */,
				04D86F791D00890700A5B7E1 /* SystemConfiguration.framework */,
				04D86F771D0088F700A5B7E1 /* CoreTelephony.framework */,
				04D86F751D0088E300A5B7E1 /* MobileCoreServices.framework */,
				1818F4F31D001DB3001E24F4 /* AssetsLibrary.framework */,
				04846A351D000566007E3CE3 /* PickPicAPP */,
				04846A341D000566007E3CE3 /* Products */,
			);
			sourceTree = "<group>";
		};
		04846A341D000566007E3CE3 /* Products */ = {
			isa = PBXGroup;
			children = (
				04846A331D000566007E3CE3 /* PickPicAPP.app */,
			);
			name = Products;
			sourceTree = "<group>";
		};
		04846A351D000566007E3CE3 /* PickPicAPP */ = {
			isa = PBXGroup;
			children = (
				04D86F6D1D00821C00A5B7E1 /* Login */,
				04846A4F1D0005B7007E3CE3 /* images */,
				04846A4D1D0005B7007E3CE3 /* Base */,
				04846A4E1D0005B7007E3CE3 /* Framework */,
				04846A501D0005B7007E3CE3 /* Main */,
				04846A391D000566007E3CE3 /* AppDelegate.h */,
				04846A3A1D000566007E3CE3 /* AppDelegate.m */,
				04846A3F1D000566007E3CE3 /* Main.storyboard */,
				04846AA51D0006EA007E3CE3 /* Common.h */,
				04846AA61D000702007E3CE3 /* PrefixHeader.pch */,
				04846A421D000566007E3CE3 /* Assets.xcassets */,
				04846A441D000566007E3CE3 /* LaunchScreen.storyboard */,
				04846A471D000566007E3CE3 /* Info.plist */,
				04846A361D000566007E3CE3 /* Supporting Files */,
			);
			path = PickPicAPP;
			sourceTree = "<group>";
		};
		04846A361D000566007E3CE3 /* Supporting Files */ = {
			isa = PBXGroup;
			children = (
				04846A371D000566007E3CE3 /* main.m */,
			);
			name = "Supporting Files";
			sourceTree = "<group>";
		};
		04846A4D1D0005B7007E3CE3 /* Base */ = {
			isa = PBXGroup;
			children = (
				04846A651D00065E007E3CE3 /* BaseNavigationController */,
				04846A681D00065E007E3CE3 /* BaseViewController */,
			);
			path = Base;
			sourceTree = "<group>";
		};
		04846A4E1D0005B7007E3CE3 /* Framework */ = {
			isa = PBXGroup;
			children = (
				04D86F731D00881E00A5B7E1 /* MaxLeap.framework */,
				04846A6D1D000696007E3CE3 /* CustomTabBarController */,
				04846A701D000696007E3CE3 /* MMDrawerController */,
			);
			path = Framework;
			sourceTree = "<group>";
		};
		04846A4F1D0005B7007E3CE3 /* images */ = {
			isa = PBXGroup;
			children = (
				04992E4A1D0064D800781190 /* icon.png */,
				04846A511D0005F8007E3CE3 /* addressBook2.png */,
				04846A521D0005F8007E3CE3 /* contect.png */,
				04846A531D0005F8007E3CE3 /* Conversion_802px_1141917_easyicon.net.png */,
				04846A541D0005F8007E3CE3 /* Creative_568px_1141925_easyicon.net.png */,
				04846A551D0005F8007E3CE3 /* found.png */,
				04846A561D0005F8007E3CE3 /* headImage.jpg */,
				04846A571D0005F8007E3CE3 /* Link_Building_764px_1141913_easyicon.net.png */,
				04846A581D0005F8007E3CE3 /* Location_568px_1141916_easyicon.net.png */,
				04846A591D0005F8007E3CE3 /* selected_bg.png */,
				04846A5A1D0005F8007E3CE3 /* tabBar_bg.jpg */,
			);
			path = images;
			sourceTree = "<group>";
		};
		04846A501D0005B7007E3CE3 /* Main */ = {
			isa = PBXGroup;
			children = (
				04846A811D0006C9007E3CE3 /* Home */,
				04846A881D0006C9007E3CE3 /* LeftMe */,
				04846A8F1D0006C9007E3CE3 /* Message */,
				04846A961D0006C9007E3CE3 /* Post */,
			);
			path = Main;
			sourceTree = "<group>";
		};
		04846A651D00065E007E3CE3 /* BaseNavigationController */ = {
			isa = PBXGroup;
			children = (
				04846A661D00065E007E3CE3 /* BaseNavigationViewController.h */,
				04846A671D00065E007E3CE3 /* BaseNavigationViewController.m */,
			);
			path = BaseNavigationController;
			sourceTree = "<group>";
		};
		04846A681D00065E007E3CE3 /* BaseViewController */ = {
			isa = PBXGroup;
			children = (
				04846A691D00065E007E3CE3 /* BaseViewController.h */,
				04846A6A1D00065E007E3CE3 /* BaseViewController.m */,
			);
			path = BaseViewController;
			sourceTree = "<group>";
		};
		04846A6D1D000696007E3CE3 /* CustomTabBarController */ = {
			isa = PBXGroup;
			children = (
				04846A6E1D000696007E3CE3 /* CustomTabBarController.h */,
				04846A6F1D000696007E3CE3 /* CustomTabBarController.m */,
			);
			path = CustomTabBarController;
			sourceTree = "<group>";
		};
		04846A701D000696007E3CE3 /* MMDrawerController */ = {
			isa = PBXGroup;
			children = (
				04846A711D000696007E3CE3 /* MMDrawerBarButtonItem.h */,
				04846A721D000696007E3CE3 /* MMDrawerBarButtonItem.m */,
				04846A731D000696007E3CE3 /* MMDrawerController.h */,
				04846A741D000696007E3CE3 /* MMDrawerController.m */,
				04846A751D000696007E3CE3 /* MMDrawerVisualState.h */,
				04846A761D000696007E3CE3 /* MMDrawerVisualState.m */,
				04846A771D000696007E3CE3 /* MMExampleDrawerVisualStateManager.h */,
				04846A781D000696007E3CE3 /* MMExampleDrawerVisualStateManager.m */,
				04846A791D000696007E3CE3 /* UIViewController+MMDrawerController.h */,
				04846A7A1D000696007E3CE3 /* UIViewController+MMDrawerController.m */,
			);
			path = MMDrawerController;
			sourceTree = "<group>";
		};
		04846A811D0006C9007E3CE3 /* Home */ = {
			isa = PBXGroup;
			children = (
				04846A821D0006C9007E3CE3 /* Controller */,
				04846A861D0006C9007E3CE3 /* Model */,
				04846A871D0006C9007E3CE3 /* View */,
			);
			path = Home;
			sourceTree = "<group>";
		};
		04846A821D0006C9007E3CE3 /* Controller */ = {
			isa = PBXGroup;
			children = (
				C6C8D6701D000F0800948262 /* 瀑布流 */,
				C6C8D6711D000F0800948262 /* 图片详情界面 */,
				04846A831D0006C9007E3CE3 /* HomeViewController.h */,
				04846A841D0006C9007E3CE3 /* HomeViewController.m */,
				04846A851D0006C9007E3CE3 /* HomeViewController.xib */,
			);
			path = Controller;
			sourceTree = "<group>";
		};
		04846A861D0006C9007E3CE3 /* Model */ = {
			isa = PBXGroup;
			children = (
			);
			path = Model;
			sourceTree = "<group>";
		};
		04846A871D0006C9007E3CE3 /* View */ = {
			isa = PBXGroup;
			children = (
			);
			path = View;
			sourceTree = "<group>";
		};
		04846A881D0006C9007E3CE3 /* LeftMe */ = {
			isa = PBXGroup;
			children = (
				04846A891D0006C9007E3CE3 /* Controller */,
				04846A8D1D0006C9007E3CE3 /* Model */,
				04846A8E1D0006C9007E3CE3 /* View */,
			);
			path = LeftMe;
			sourceTree = "<group>";
		};
		04846A891D0006C9007E3CE3 /* Controller */ = {
			isa = PBXGroup;
			children = (
				04992E331D00518000781190 /* subControllers */,
				04846A8A1D0006C9007E3CE3 /* LeftMeViewController.h */,
				04846A8B1D0006C9007E3CE3 /* LeftMeViewController.m */,
				04846A8C1D0006C9007E3CE3 /* LeftMeViewController.xib */,
			);
			path = Controller;
			sourceTree = "<group>";
		};
		04846A8D1D0006C9007E3CE3 /* Model */ = {
			isa = PBXGroup;
			children = (
			);
			path = Model;
			sourceTree = "<group>";
		};
		04846A8E1D0006C9007E3CE3 /* View */ = {
			isa = PBXGroup;
			children = (
			);
			path = View;
			sourceTree = "<group>";
		};
		04846A8F1D0006C9007E3CE3 /* Message */ = {
			isa = PBXGroup;
			children = (
				04846A901D0006C9007E3CE3 /* Controller */,
				04846A941D0006C9007E3CE3 /* Model */,
				04846A951D0006C9007E3CE3 /* View */,
			);
			path = Message;
			sourceTree = "<group>";
		};
		04846A901D0006C9007E3CE3 /* Controller */ = {
			isa = PBXGroup;
			children = (
				04846A911D0006C9007E3CE3 /* MessageViewController.h */,
				04846A921D0006C9007E3CE3 /* MessageViewController.m */,
				04846A931D0006C9007E3CE3 /* MessageViewController.xib */,
			);
			path = Controller;
			sourceTree = "<group>";
		};
		04846A941D0006C9007E3CE3 /* Model */ = {
			isa = PBXGroup;
			children = (
			);
			path = Model;
			sourceTree = "<group>";
		};
		04846A951D0006C9007E3CE3 /* View */ = {
			isa = PBXGroup;
			children = (
			);
			path = View;
			sourceTree = "<group>";
		};
		04846A961D0006C9007E3CE3 /* Post */ = {
			isa = PBXGroup;
			children = (
				04846A971D0006C9007E3CE3 /* Controller */,
				1818F4E81D001D3D001E24F4 /* Model */,
				1818F4EC1D001D65001E24F4 /* View */,
			);
			path = Post;
			sourceTree = "<group>";
		};
		04846A971D0006C9007E3CE3 /* Controller */ = {
			isa = PBXGroup;
			children = (
				1818F4E51D001CB4001E24F4 /* PostViewController.h */,
				1818F4E61D001CB4001E24F4 /* PostViewController.m */,
			);
			path = Controller;
			sourceTree = "<group>";
		};
		04992E331D00518000781190 /* subControllers */ = {
			isa = PBXGroup;
			children = (
				04992E341D0051AA00781190 /* FollowMeViewController.h */,
				04992E351D0051AA00781190 /* FollowMeViewController.m */,
				04992E361D0051AA00781190 /* FollowMeViewController.xib */,
				04992E391D0051C400781190 /* MyFollowsViewController.h */,
				04992E3A1D0051C400781190 /* MyFollowsViewController.m */,
				04992E3B1D0051C400781190 /* MyFollowsViewController.xib */,
				04992E3E1D0051DA00781190 /* CollectionBoxViewController.h */,
				04992E3F1D0051DA00781190 /* CollectionBoxViewController.m */,
				04992E401D0051DA00781190 /* CollectionBoxViewController.xib */,
				04992E431D00521600781190 /* PostBoxViewController.h */,
				04992E441D00521600781190 /* PostBoxViewController.m */,
				04992E451D00521600781190 /* PostBoxViewController.xib */,
			);
			path = subControllers;
			sourceTree = "<group>";
		};
		04D86F6D1D00821C00A5B7E1 /* Login */ = {
			isa = PBXGroup;
			children = (
				04D86F6E1D00821C00A5B7E1 /* LoginViewController.h */,
				04D86F6F1D00821C00A5B7E1 /* LoginViewController.m */,
				04D86F701D00821C00A5B7E1 /* LoginViewController.xib */,
			);
			path = Login;
			sourceTree = "<group>";
		};
		1818F4E81D001D3D001E24F4 /* Model */ = {
			isa = PBXGroup;
			children = (
				1818F4E91D001D58001E24F4 /* RRMessageModel.h */,
				1818F4EA1D001D58001E24F4 /* RRMessageModel.m */,
			);
			path = Model;
			sourceTree = "<group>";
		};
		1818F4EC1D001D65001E24F4 /* View */ = {
			isa = PBXGroup;
			children = (
				1818F4ED1D001D91001E24F4 /* RRCustomScrollView.h */,
				1818F4EE1D001D91001E24F4 /* RRCustomScrollView.m */,
				1818F4EF1D001D91001E24F4 /* UICollectionViewCellPhoto.h */,
				1818F4F01D001D91001E24F4 /* UICollectionViewCellPhoto.m */,
			);
			path = View;
			sourceTree = "<group>";
		};
		C6C8D6701D000F0800948262 /* 瀑布流 */ = {
			isa = PBXGroup;
			children = (
				C6C8D6771D000F4A00948262 /* WaterFallLayout.h */,
				C6C8D6781D000F4A00948262 /* WaterFallLayout.m */,
			);
			path = "瀑布流";
			sourceTree = "<group>";
		};
		C6C8D6711D000F0800948262 /* 图片详情界面 */ = {
			isa = PBXGroup;
			children = (
				C6C8D6721D000F2D00948262 /* picDetails.h */,
				C6C8D6731D000F2D00948262 /* picDetails.m */,
				C6C8D6741D000F2D00948262 /* picDetails.xib */,
			);
			path = "图片详情界面";
			sourceTree = "<group>";
		};
/* End PBXGroup section */

/* Begin PBXNativeTarget section */
		04846A321D000566007E3CE3 /* PickPicAPP */ = {
			isa = PBXNativeTarget;
			buildConfigurationList = 04846A4A1D000566007E3CE3 /* Build configuration list for PBXNativeTarget "PickPicAPP" */;
			buildPhases = (
				04846A2F1D000566007E3CE3 /* Sources */,
				04846A301D000566007E3CE3 /* Frameworks */,
				04846A311D000566007E3CE3 /* Resources */,
			);
			buildRules = (
			);
			dependencies = (
			);
			name = PickPicAPP;
			productName = PickPicAPP;
			productReference = 04846A331D000566007E3CE3 /* PickPicAPP.app */;
			productType = "com.apple.product-type.application";
		};
/* End PBXNativeTarget section */

/* Begin PBXProject section */
		04846A2B1D000566007E3CE3 /* Project object */ = {
			isa = PBXProject;
			attributes = {
				LastUpgradeCheck = 0720;
				ORGANIZATIONNAME = mac;
				TargetAttributes = {
					04846A321D000566007E3CE3 = {
						CreatedOnToolsVersion = 7.2;
						DevelopmentTeam = 4RVLVU55LX;
					};
				};
			};
			buildConfigurationList = 04846A2E1D000566007E3CE3 /* Build configuration list for PBXProject "PickPicAPP" */;
			compatibilityVersion = "Xcode 3.2";
			developmentRegion = English;
			hasScannedForEncodings = 0;
			knownRegions = (
				en,
				Base,
			);
			mainGroup = 04846A2A1D000565007E3CE3;
			productRefGroup = 04846A341D000566007E3CE3 /* Products */;
			projectDirPath = "";
			projectRoot = "";
			targets = (
				04846A321D000566007E3CE3 /* PickPicAPP */,
			);
		};
/* End PBXProject section */

/* Begin PBXResourcesBuildPhase section */
		04846A311D000566007E3CE3 /* Resources */ = {
			isa = PBXResourcesBuildPhase;
			buildActionMask = 2147483647;
			files = (
				04992E421D0051DA00781190 /* CollectionBoxViewController.xib in Resources */,
				04846A5F1D0005F8007E3CE3 /* found.png in Resources */,
				04846A5E1D0005F8007E3CE3 /* Creative_568px_1141925_easyicon.net.png in Resources */,
				04846A5C1D0005F8007E3CE3 /* contect.png in Resources */,
				04846A461D000566007E3CE3 /* LaunchScreen.storyboard in Resources */,
				04992E3D1D0051C400781190 /* MyFollowsViewController.xib in Resources */,
				04992E4B1D0064D800781190 /* icon.png in Resources */,
				04846A621D0005F8007E3CE3 /* Location_568px_1141916_easyicon.net.png in Resources */,
				04846A9E1D0006C9007E3CE3 /* HomeViewController.xib in Resources */,
				04846A431D000566007E3CE3 /* Assets.xcassets in Resources */,
				04992E381D0051AA00781190 /* FollowMeViewController.xib in Resources */,
				04846A601D0005F8007E3CE3 /* headImage.jpg in Resources */,
				04846AA01D0006C9007E3CE3 /* LeftMeViewController.xib in Resources */,
				04846A641D0005F8007E3CE3 /* tabBar_bg.jpg in Resources */,
				04846A611D0005F8007E3CE3 /* Link_Building_764px_1141913_easyicon.net.png in Resources */,
				04D86F721D00821C00A5B7E1 /* LoginViewController.xib in Resources */,
				04846A5D1D0005F8007E3CE3 /* Conversion_802px_1141917_easyicon.net.png in Resources */,
				04846A5B1D0005F8007E3CE3 /* addressBook2.png in Resources */,
				04846A411D000566007E3CE3 /* Main.storyboard in Resources */,
				04992E471D00521600781190 /* PostBoxViewController.xib in Resources */,
				C6C8D6761D000F2D00948262 /* picDetails.xib in Resources */,
				04846AA21D0006C9007E3CE3 /* MessageViewController.xib in Resources */,
				04846A631D0005F8007E3CE3 /* selected_bg.png in Resources */,
			);
			runOnlyForDeploymentPostprocessing = 0;
		};
/* End PBXResourcesBuildPhase section */

/* Begin PBXSourcesBuildPhase section */
		04846A2F1D000566007E3CE3 /* Sources */ = {
			isa = PBXSourcesBuildPhase;
			buildActionMask = 2147483647;
			files = (
				1818F4EB1D001D58001E24F4 /* RRMessageModel.m in Sources */,
				04846A801D000696007E3CE3 /* UIViewController+MMDrawerController.m in Sources */,
				04992E411D0051DA00781190 /* CollectionBoxViewController.m in Sources */,
				04846A6C1D00065E007E3CE3 /* BaseViewController.m in Sources */,
				04992E461D00521600781190 /* PostBoxViewController.m in Sources */,
				1818F4F21D001D91001E24F4 /* UICollectionViewCellPhoto.m in Sources */,
				04846A7D1D000696007E3CE3 /* MMDrawerController.m in Sources */,
				04846A7E1D000696007E3CE3 /* MMDrawerVisualState.m in Sources */,
				04D86F711D00821C00A5B7E1 /* LoginViewController.m in Sources */,
				1818F4E71D001CB4001E24F4 /* PostViewController.m in Sources */,
				1818F4F11D001D91001E24F4 /* RRCustomScrollView.m in Sources */,
				C6C8D6751D000F2D00948262 /* picDetails.m in Sources */,
				04846A7B1D000696007E3CE3 /* CustomTabBarController.m in Sources */,
				04846AA11D0006C9007E3CE3 /* MessageViewController.m in Sources */,
				04992E3C1D0051C400781190 /* MyFollowsViewController.m in Sources */,
				04992E371D0051AA00781190 /* FollowMeViewController.m in Sources */,
				04846A3B1D000566007E3CE3 /* AppDelegate.m in Sources */,
				04846A381D000566007E3CE3 /* main.m in Sources */,
				04846A6B1D00065E007E3CE3 /* BaseNavigationViewController.m in Sources */,
				04846A7C1D000696007E3CE3 /* MMDrawerBarButtonItem.m in Sources */,
				04846A7F1D000696007E3CE3 /* MMExampleDrawerVisualStateManager.m in Sources */,
				C6C8D6791D000F4A00948262 /* WaterFallLayout.m in Sources */,
				04846A9D1D0006C9007E3CE3 /* HomeViewController.m in Sources */,
				04846A9F1D0006C9007E3CE3 /* LeftMeViewController.m in Sources */,
			);
			runOnlyForDeploymentPostprocessing = 0;
		};
/* End PBXSourcesBuildPhase section */

/* Begin PBXVariantGroup section */
		04846A3F1D000566007E3CE3 /* Main.storyboard */ = {
			isa = PBXVariantGroup;
			children = (
				04846A401D000566007E3CE3 /* Base */,
			);
			name = Main.storyboard;
			sourceTree = "<group>";
		};
		04846A441D000566007E3CE3 /* LaunchScreen.storyboard */ = {
			isa = PBXVariantGroup;
			children = (
				04846A451D000566007E3CE3 /* Base */,
			);
			name = LaunchScreen.storyboard;
			sourceTree = "<group>";
		};
/* End PBXVariantGroup section */

/* Begin XCBuildConfiguration section */
		04846A481D000566007E3CE3 /* Debug */ = {
			isa = XCBuildConfiguration;
			buildSettings = {
				ALWAYS_SEARCH_USER_PATHS = NO;
				CLANG_CXX_LANGUAGE_STANDARD = "gnu++0x";
				CLANG_CXX_LIBRARY = "libc++";
				CLANG_ENABLE_MODULES = YES;
				CLANG_ENABLE_OBJC_ARC = YES;
				CLANG_WARN_BOOL_CONVERSION = YES;
				CLANG_WARN_CONSTANT_CONVERSION = YES;
				CLANG_WARN_DIRECT_OBJC_ISA_USAGE = YES_ERROR;
				CLANG_WARN_EMPTY_BODY = YES;
				CLANG_WARN_ENUM_CONVERSION = YES;
				CLANG_WARN_INT_CONVERSION = YES;
				CLANG_WARN_OBJC_ROOT_CLASS = YES_ERROR;
				CLANG_WARN_UNREACHABLE_CODE = YES;
				CLANG_WARN__DUPLICATE_METHOD_MATCH = YES;
				"CODE_SIGN_IDENTITY[sdk=iphoneos*]" = "iPhone Developer";
				COPY_PHASE_STRIP = NO;
				DEBUG_INFORMATION_FORMAT = dwarf;
				ENABLE_STRICT_OBJC_MSGSEND = YES;
				ENABLE_TESTABILITY = YES;
				GCC_C_LANGUAGE_STANDARD = gnu99;
				GCC_DYNAMIC_NO_PIC = NO;
				GCC_NO_COMMON_BLOCKS = YES;
				GCC_OPTIMIZATION_LEVEL = 0;
				GCC_PREPROCESSOR_DEFINITIONS = (
					"DEBUG=1",
					"$(inherited)",
				);
				GCC_WARN_64_TO_32_BIT_CONVERSION = YES;
				GCC_WARN_ABOUT_RETURN_TYPE = YES_ERROR;
				GCC_WARN_UNDECLARED_SELECTOR = YES;
				GCC_WARN_UNINITIALIZED_AUTOS = YES_AGGRESSIVE;
				GCC_WARN_UNUSED_FUNCTION = YES;
				GCC_WARN_UNUSED_VARIABLE = YES;
				IPHONEOS_DEPLOYMENT_TARGET = 9.2;
				MTL_ENABLE_DEBUG_INFO = YES;
				ONLY_ACTIVE_ARCH = YES;
				SDKROOT = iphoneos;
				TARGETED_DEVICE_FAMILY = "1,2";
			};
			name = Debug;
		};
		04846A491D000566007E3CE3 /* Release */ = {
			isa = XCBuildConfiguration;
			buildSettings = {
				ALWAYS_SEARCH_USER_PATHS = NO;
				CLANG_CXX_LANGUAGE_STANDARD = "gnu++0x";
				CLANG_CXX_LIBRARY = "libc++";
				CLANG_ENABLE_MODULES = YES;
				CLANG_ENABLE_OBJC_ARC = YES;
				CLANG_WARN_BOOL_CONVERSION = YES;
				CLANG_WARN_CONSTANT_CONVERSION = YES;
				CLANG_WARN_DIRECT_OBJC_ISA_USAGE = YES_ERROR;
				CLANG_WARN_EMPTY_BODY = YES;
				CLANG_WARN_ENUM_CONVERSION = YES;
				CLANG_WARN_INT_CONVERSION = YES;
				CLANG_WARN_OBJC_ROOT_CLASS = YES_ERROR;
				CLANG_WARN_UNREACHABLE_CODE = YES;
				CLANG_WARN__DUPLICATE_METHOD_MATCH = YES;
				"CODE_SIGN_IDENTITY[sdk=iphoneos*]" = "iPhone Developer";
				COPY_PHASE_STRIP = NO;
				DEBUG_INFORMATION_FORMAT = "dwarf-with-dsym";
				ENABLE_NS_ASSERTIONS = NO;
				ENABLE_STRICT_OBJC_MSGSEND = YES;
				GCC_C_LANGUAGE_STANDARD = gnu99;
				GCC_NO_COMMON_BLOCKS = YES;
				GCC_WARN_64_TO_32_BIT_CONVERSION = YES;
				GCC_WARN_ABOUT_RETURN_TYPE = YES_ERROR;
				GCC_WARN_UNDECLARED_SELECTOR = YES;
				GCC_WARN_UNINITIALIZED_AUTOS = YES_AGGRESSIVE;
				GCC_WARN_UNUSED_FUNCTION = YES;
				GCC_WARN_UNUSED_VARIABLE = YES;
				IPHONEOS_DEPLOYMENT_TARGET = 9.2;
				MTL_ENABLE_DEBUG_INFO = NO;
				SDKROOT = iphoneos;
				TARGETED_DEVICE_FAMILY = "1,2";
				VALIDATE_PRODUCT = YES;
			};
			name = Release;
		};
		04846A4B1D000566007E3CE3 /* Debug */ = {
			isa = XCBuildConfiguration;
			buildSettings = {
				ASSETCATALOG_COMPILER_APPICON_NAME = AppIcon;
				FRAMEWORK_SEARCH_PATHS = (
					"$(inherited)",
					"$(PROJECT_DIR)/PickPicAPP/Framework",
				);
				GCC_PREFIX_HEADER = "$(SRCROOT)/PickPicAPP/PrefixHeader.pch";
				INFOPLIST_FILE = PickPicAPP/Info.plist;
				IPHONEOS_DEPLOYMENT_TARGET = 9.1;
				LD_RUNPATH_SEARCH_PATHS = "$(inherited) @executable_path/Frameworks";
				PRODUCT_BUNDLE_IDENTIFIER = ZHY.PickPicAPP;
				PRODUCT_NAME = "$(TARGET_NAME)";
			};
			name = Debug;
		};
		04846A4C1D000566007E3CE3 /* Release */ = {
			isa = XCBuildConfiguration;
			buildSettings = {
				ASSETCATALOG_COMPILER_APPICON_NAME = AppIcon;
				FRAMEWORK_SEARCH_PATHS = (
					"$(inherited)",
					"$(PROJECT_DIR)/PickPicAPP/Framework",
				);
				GCC_PREFIX_HEADER = "$(SRCROOT)/PickPicAPP/PrefixHeader.pch";
				INFOPLIST_FILE = PickPicAPP/Info.plist;
				IPHONEOS_DEPLOYMENT_TARGET = 9.1;
				LD_RUNPATH_SEARCH_PATHS = "$(inherited) @executable_path/Frameworks";
				PRODUCT_BUNDLE_IDENTIFIER = ZHY.PickPicAPP;
				PRODUCT_NAME = "$(TARGET_NAME)";
			};
			name = Release;
		};
/* End XCBuildConfiguration section */

/* Begin XCConfigurationList section */
		04846A2E1D000566007E3CE3 /* Build configuration list for PBXProject "PickPicAPP" */ = {
			isa = XCConfigurationList;
			buildConfigurations = (
				04846A481D000566007E3CE3 /* Debug */,
				04846A491D000566007E3CE3 /* Release */,
			);
			defaultConfigurationIsVisible = 0;
			defaultConfigurationName = Release;
		};
		04846A4A1D000566007E3CE3 /* Build configuration list for PBXNativeTarget "PickPicAPP" */ = {
			isa = XCConfigurationList;
			buildConfigurations = (
				04846A4B1D000566007E3CE3 /* Debug */,
				04846A4C1D000566007E3CE3 /* Release */,
			);
			defaultConfigurationIsVisible = 0;
			defaultConfigurationName = Release;
		};
/* End XCConfigurationList section */
	};
	rootObject = 04846A2B1D000566007E3CE3 /* Project object */;
}
